<?xml version="1.0" encoding="utf-8"?>
<Project ToolsVersion="4.0" xmlns="http://schemas.microsoft.com/developer/msbuild/2003">
  <ItemGroup>
    <Filter Include="system">
      <UniqueIdentifier>{4ef527d5-cf44-408d-b9eb-91f60ef9785f}</UniqueIdentifier>
    </Filter>
    <Filter Include="window">
      <UniqueIdentifier>{6bdd2176-c589-49b2-bed6-abd5a56a1005}</UniqueIdentifier>
    </Filter>
    <Filter Include="gl\detail">
      <UniqueIdentifier>{2339552c-a9eb-4a65-88a2-98a12f9560fe}</UniqueIdentifier>
    </Filter>
    <Filter Include="gl">
      <UniqueIdentifier>{cdbe85ec-8fb4-498a-bcb7-2e5f8656ec3f}</UniqueIdentifier>
    </Filter>
    <Filter Include="window\detail">
      <UniqueIdentifier>{cc45e5bb-b261-425d-b3c6-c13819105a01}</UniqueIdentifier>
    </Filter>
  </ItemGroup>
  <ItemGroup>
    <ClCompile Include="system\folder_monitor.cpp">
      <Filter>system</Filter>
    </ClCompile>
    <ClCompile Include="window\window.cpp">
      <Filter>window</Filter>
    </ClCompile>
    <ClCompile Include="gl\detail\gl_aux.cpp">
      <Filter>gl\detail</Filter>
    </ClCompile>
  </ItemGroup>
  <ItemGroup>
    <ClInclude Include="system\folder_monitor.hpp">
      <Filter>system</Filter>
    </ClInclude>
    <ClInclude Include="window\window.hpp">
      <Filter>window</Filter>
    </ClInclude>
    <ClInclude Include="window\detail\windows_aux.hpp">
      <Filter>window\detail</Filter>
    </ClInclude>
    <ClInclude Include="gl\detail\gl_aux.hpp">
      <Filter>gl\detail</Filter>
    </ClInclude>
  </ItemGroup>
  <ItemGroup />
</Project>